
Microsoft Visual Studio Solution File, Format Version 12.00
# Visual Studio Version 16
VisualStudioVersion = 16.0.31424.327
MinimumVisualStudioVersion = 10.0.40219.1
Project("{FAE04EC0-301F-11D3-BF4B-00C04F79EFBC}") = "GitHubWebApplication", "GitHubWebApplication\GitHubWebApplication.csproj", "{7983E51B-F4DA-4C36-8B68-9E21C001A642}"
EndProject
Global
	GlobalSection(SolutionConfigurationPlatforms) = preSolution
		Debug|Any CPU = Debug|Any CPU
		Release|Any CPU = Release|Any CPU
	EndGlobalSection
	GlobalSection(ProjectConfigurationPlatforms) = postSolution
		{7983E51B-F4DA-4C36-8B68-9E21C001A642}.Debug|Any CPU.ActiveCfg = Debug|Any CPU
		{7983E51B-F4DA-4C36-8B68-9E21C001A642}.Debug|Any CPU.Build.0 = Debug|Any CPU
		{7983E51B-F4DA-4C36-8B68-9E21C001A642}.Release|Any CPU.ActiveCfg = Release|Any CPU
		{7983E51B-F4DA-4C36-8B68-9E21C001A642}.Release|Any CPU.Build.0 = Release|Any CPU
	EndGlobalSection
	GlobalSection(SolutionProperties) = preSolution
		HideSolutionNode = FALSE
	EndGlobalSection
	GlobalSection(ExtensibilityGlobals) = postSolution
		SolutionGuid = {C8FF2D40-1CC1-4F92-9258-99DBFDD62E4D}
	EndGlobalSection
EndGlobal
